
Microsoft Visual Studio Solution File, Format Version 12.00
# Visual Studio Version 16
VisualStudioVersion = 16.0.31402.337
MinimumVisualStudioVersion = 10.0.40219.1
Project("{FAE04EC0-301F-11D3-BF4B-00C04F79EFBC}") = "random_name", "random_name.csproj", "{9E9196E4-9124-49AE-A419-0C4497F659A8}"
EndProject
Project("{54435603-DBB4-11D2-8724-00A0C9A8B90C}") = "RandomName_Setup", "..\RandomName_Setup\RandomName_Setup.vdproj", "{01CDC843-0A2A-42FF-B22D-9BFDEC4BF214}"
EndProject
Global
	GlobalSection(SolutionConfigurationPlatforms) = preSolution
		Debug|Any CPU = Debug|Any CPU
		Release|Any CPU = Release|Any CPU
	EndGlobalSection
	GlobalSection(ProjectConfigurationPlatforms) = postSolution
		{9E9196E4-9124-49AE-A419-0C4497F659A8}.Debug|Any CPU.ActiveCfg = Debug|Any CPU
		{9E9196E4-9124-49AE-A419-0C4497F659A8}.Debug|Any CPU.Build.0 = Debug|Any CPU
		{9E9196E4-9124-49AE-A419-0C4497F659A8}.Release|Any CPU.ActiveCfg = Release|Any CPU
		{9E9196E4-9124-49AE-A419-0C4497F659A8}.Release|Any CPU.Build.0 = Release|Any CPU
		{01CDC843-0A2A-42FF-B22D-9BFDEC4BF214}.Debug|Any CPU.ActiveCfg = Debug
		{01CDC843-0A2A-42FF-B22D-9BFDEC4BF214}.Release|Any CPU.ActiveCfg = Release
	EndGlobalSection
	GlobalSection(SolutionProperties) = preSolution
		HideSolutionNode = FALSE
	EndGlobalSection
	GlobalSection(ExtensibilityGlobals) = postSolution
		SolutionGuid = {86E6B442-65BE-4652-8E02-856F2036B393}
	EndGlobalSection
EndGlobal
